
Microsoft Visual Studio Solution File, Format Version 12.00
# Visual Studio 14
VisualStudioVersion = 14.0.24720.0
MinimumVisualStudioVersion = 10.0.40219.1
Project("{FAE04EC0-301F-11D3-BF4B-00C04F79EFBC}") = "01. Odd lines", "01. Odd lines\01. Odd lines.csproj", "{70D51582-EA9B-4192-B915-242041A46210}"
EndProject
Project("{FAE04EC0-301F-11D3-BF4B-00C04F79EFBC}") = "02. Concatenate text files", "02. Concatenate text files\02. Concatenate text files.csproj", "{876F51BE-3727-4FA7-B860-8F8ECEF32E7F}"
EndProject
Project("{FAE04EC0-301F-11D3-BF4B-00C04F79EFBC}") = "03. Line numbers", "03. Line numbers\03. Line numbers.csproj", "{B1C65680-4D39-4740-A509-31BF14978467}"
EndProject
Project("{FAE04EC0-301F-11D3-BF4B-00C04F79EFBC}") = "04. Compare text files", "04. Compare text files\04. Compare text files.csproj", "{FDB22BA9-2023-47C8-94BF-BB73E383C5C4}"
EndProject
Project("{FAE04EC0-301F-11D3-BF4B-00C04F79EFBC}") = "05. Maximal area sum", "05. Maximal area sum\05. Maximal area sum.csproj", "{29D44D3E-10DE-4770-9883-A777DC06A835}"
EndProject
Project("{FAE04EC0-301F-11D3-BF4B-00C04F79EFBC}") = "06. Save sorted names", "06. Save sorted names\06. Save sorted names.csproj", "{F52474A0-A918-4F79-9F3A-1E6262B45CF7}"
EndProject
Project("{FAE04EC0-301F-11D3-BF4B-00C04F79EFBC}") = "07. Replace sub-string", "07. Replace sub-string\07. Replace sub-string.csproj", "{35332B54-2A54-4E85-ACE2-1486158B878A}"
EndProject
Project("{FAE04EC0-301F-11D3-BF4B-00C04F79EFBC}") = "08. Replace whole word", "08. Replace whole word\08. Replace whole word.csproj", "{1C13C962-5326-4DF1-9825-4086CF20A493}"
EndProject
Project("{FAE04EC0-301F-11D3-BF4B-00C04F79EFBC}") = "09. Delete odd lines", "09. Delete odd lines\09. Delete odd lines.csproj", "{4D7CA468-DC0F-4B28-93A2-209616B3051B}"
EndProject
Project("{FAE04EC0-301F-11D3-BF4B-00C04F79EFBC}") = "10. Extract text from XML", "10. Extract text from XML\10. Extract text from XML.csproj", "{25A43B0B-8418-42F0-9C0F-0A1CCD30D0B8}"
EndProject
Project("{FAE04EC0-301F-11D3-BF4B-00C04F79EFBC}") = "11. Prefix test", "11. Prefix test\11. Prefix test.csproj", "{C68066F7-BA7D-4133-A983-FF04844C5B36}"
EndProject
Project("{FAE04EC0-301F-11D3-BF4B-00C04F79EFBC}") = "12. Remove words", "12. Remove words\12. Remove words.csproj", "{74598934-5129-4723-A13C-132860B80B3F}"
EndProject
Project("{FAE04EC0-301F-11D3-BF4B-00C04F79EFBC}") = "13. Count words", "13. Count words\13. Count words.csproj", "{67791643-8F31-454E-9CA6-9999F51B6FB4}"
EndProject
Global
	GlobalSection(SolutionConfigurationPlatforms) = preSolution
		Debug|Any CPU = Debug|Any CPU
		Release|Any CPU = Release|Any CPU
	EndGlobalSection
	GlobalSection(ProjectConfigurationPlatforms) = postSolution
		{70D51582-EA9B-4192-B915-242041A46210}.Debug|Any CPU.ActiveCfg = Debug|Any CPU
		{70D51582-EA9B-4192-B915-242041A46210}.Debug|Any CPU.Build.0 = Debug|Any CPU
		{70D51582-EA9B-4192-B915-242041A46210}.Release|Any CPU.ActiveCfg = Release|Any CPU
		{70D51582-EA9B-4192-B915-242041A46210}.Release|Any CPU.Build.0 = Release|Any CPU
		{876F51BE-3727-4FA7-B860-8F8ECEF32E7F}.Debug|Any CPU.ActiveCfg = Debug|Any CPU
		{876F51BE-3727-4FA7-B860-8F8ECEF32E7F}.Debug|Any CPU.Build.0 = Debug|Any CPU
		{876F51BE-3727-4FA7-B860-8F8ECEF32E7F}.Release|Any CPU.ActiveCfg = Release|Any CPU
		{876F51BE-3727-4FA7-B860-8F8ECEF32E7F}.Release|Any CPU.Build.0 = Release|Any CPU
		{B1C65680-4D39-4740-A509-31BF14978467}.Debug|Any CPU.ActiveCfg = Debug|Any CPU
		{B1C65680-4D39-4740-A509-31BF14978467}.Debug|Any CPU.Build.0 = Debug|Any CPU
		{B1C65680-4D39-4740-A509-31BF14978467}.Release|Any CPU.ActiveCfg = Release|Any CPU
		{B1C65680-4D39-4740-A509-31BF14978467}.Release|Any CPU.Build.0 = Release|Any CPU
		{FDB22BA9-2023-47C8-94BF-BB73E383C5C4}.Debug|Any CPU.ActiveCfg = Debug|Any CPU
		{FDB22BA9-2023-47C8-94BF-BB73E383C5C4}.Debug|Any CPU.Build.0 = Debug|Any CPU
		{FDB22BA9-2023-47C8-94BF-BB73E383C5C4}.Release|Any CPU.ActiveCfg = Release|Any CPU
		{FDB22BA9-2023-47C8-94BF-BB73E383C5C4}.Release|Any CPU.Build.0 = Release|Any CPU
		{29D44D3E-10DE-4770-9883-A777DC06A835}.Debug|Any CPU.ActiveCfg = Debug|Any CPU
		{29D44D3E-10DE-4770-9883-A777DC06A835}.Debug|Any CPU.Build.0 = Debug|Any CPU
		{29D44D3E-10DE-4770-9883-A777DC06A835}.Release|Any CPU.ActiveCfg = Release|Any CPU
		{29D44D3E-10DE-4770-9883-A777DC06A835}.Release|Any CPU.Build.0 = Release|Any CPU
		{F52474A0-A918-4F79-9F3A-1E6262B45CF7}.Debug|Any CPU.ActiveCfg = Debug|Any CPU
		{F52474A0-A918-4F79-9F3A-1E6262B45CF7}.Debug|Any CPU.Build.0 = Debug|Any CPU
		{F52474A0-A918-4F79-9F3A-1E6262B45CF7}.Release|Any CPU.ActiveCfg = Release|Any CPU
		{F52474A0-A918-4F79-9F3A-1E6262B45CF7}.Release|Any CPU.Build.0 = Release|Any CPU
		{35332B54-2A54-4E85-ACE2-1486158B878A}.Debug|Any CPU.ActiveCfg = Debug|Any CPU
		{35332B54-2A54-4E85-ACE2-1486158B878A}.Debug|Any CPU.Build.0 = Debug|Any CPU
		{35332B54-2A54-4E85-ACE2-1486158B878A}.Release|Any CPU.ActiveCfg = Release|Any CPU
		{35332B54-2A54-4E85-ACE2-1486158B878A}.Release|Any CPU.Build.0 = Release|Any CPU
		{1C13C962-5326-4DF1-9825-4086CF20A493}.Debug|Any CPU.ActiveCfg = Debug|Any CPU
		{1C13C962-5326-4DF1-9825-4086CF20A493}.Debug|Any CPU.Build.0 = Debug|Any CPU
		{1C13C962-5326-4DF1-9825-4086CF20A493}.Release|Any CPU.ActiveCfg = Release|Any CPU
		{1C13C962-5326-4DF1-9825-4086CF20A493}.Release|Any CPU.Build.0 = Release|Any CPU
		{4D7CA468-DC0F-4B28-93A2-209616B3051B}.Debug|Any CPU.ActiveCfg = Debug|Any CPU
		{4D7CA468-DC0F-4B28-93A2-209616B3051B}.Debug|Any CPU.Build.0 = Debug|Any CPU
		{4D7CA468-DC0F-4B28-93A2-209616B3051B}.Release|Any CPU.ActiveCfg = Release|Any CPU
		{4D7CA468-DC0F-4B28-93A2-209616B3051B}.Release|Any CPU.Build.0 = Release|Any CPU
		{25A43B0B-8418-42F0-9C0F-0A1CCD30D0B8}.Debug|Any CPU.ActiveCfg = Debug|Any CPU
		{25A43B0B-8418-42F0-9C0F-0A1CCD30D0B8}.Debug|Any CPU.Build.0 = Debug|Any CPU
		{25A43B0B-8418-42F0-9C0F-0A1CCD30D0B8}.Release|Any CPU.ActiveCfg = Release|Any CPU
		{25A43B0B-8418-42F0-9C0F-0A1CCD30D0B8}.Release|Any CPU.Build.0 = Release|Any CPU
		{C68066F7-BA7D-4133-A983-FF04844C5B36}.Debug|Any CPU.ActiveCfg = Debug|Any CPU
		{C68066F7-BA7D-4133-A983-FF04844C5B36}.Debug|Any CPU.Build.0 = Debug|Any CPU
		{C68066F7-BA7D-4133-A983-FF04844C5B36}.Release|Any CPU.ActiveCfg = Release|Any CPU
		{C68066F7-BA7D-4133-A983-FF04844C5B36}.Release|Any CPU.Build.0 = Release|Any CPU
		{74598934-5129-4723-A13C-132860B80B3F}.Debug|Any CPU.ActiveCfg = Debug|Any CPU
		{74598934-5129-4723-A13C-132860B80B3F}.Debug|Any CPU.Build.0 = Debug|Any CPU
		{74598934-5129-4723-A13C-132860B80B3F}.Release|Any CPU.ActiveCfg = Release|Any CPU
		{74598934-5129-4723-A13C-132860B80B3F}.Release|Any CPU.Build.0 = Release|Any CPU
		{67791643-8F31-454E-9CA6-9999F51B6FB4}.Debug|Any CPU.ActiveCfg = Debug|Any CPU
		{67791643-8F31-454E-9CA6-9999F51B6FB4}.Debug|Any CPU.Build.0 = Debug|Any CPU
		{67791643-8F31-454E-9CA6-9999F51B6FB4}.Release|Any CPU.ActiveCfg = Release|Any CPU
		{67791643-8F31-454E-9CA6-9999F51B6FB4}.Release|Any CPU.Build.0 = Release|Any CPU
	EndGlobalSection
	GlobalSection(SolutionProperties) = preSolution
		HideSolutionNode = FALSE
	EndGlobalSection
EndGlobal
