
Microsoft Visual Studio Solution File, Format Version 12.00
# Visual Studio 14
VisualStudioVersion = 14.0.24720.0
MinimumVisualStudioVersion = 10.0.40219.1
Project("{FAE04EC0-301F-11D3-BF4B-00C04F79EFBC}") = "01. Sum of 3 numbers", "01. Sum of 3 numbers\01. Sum of 3 numbers.csproj", "{BBA8C0DA-C7C5-4004-A1DE-5970483C80EE}"
EndProject
Project("{FAE04EC0-301F-11D3-BF4B-00C04F79EFBC}") = "02. Company Info", "02. Company Info\02. Company Info.csproj", "{9E0E57AC-1899-494D-A250-69BFCA1EBEFF}"
EndProject
Project("{FAE04EC0-301F-11D3-BF4B-00C04F79EFBC}") = "03. Circle", "03. Circle\03. Circle.csproj", "{0EF0965D-84A7-4D0A-989B-5D8846C98F62}"
EndProject
Project("{FAE04EC0-301F-11D3-BF4B-00C04F79EFBC}") = "04. Formatting Numbers", "04. Formatting Numbers\04. Formatting Numbers.csproj", "{4C5D4988-16D0-4C2A-8B1D-9C3F57BB801E}"
EndProject
Project("{FAE04EC0-301F-11D3-BF4B-00C04F79EFBC}") = "05. Numbers Comparer", "05. Numbers Comparer\05. Numbers Comparer.csproj", "{CAC23C93-EF23-44F2-BC81-E6DBCFE3ABF6}"
EndProject
Project("{FAE04EC0-301F-11D3-BF4B-00C04F79EFBC}") = "06. Quadratic Equation", "06. Quadratic Equation\06. Quadratic Equation.csproj", "{974FDCB5-5F59-4157-AA98-25F155F0A2AC}"
EndProject
Project("{FAE04EC0-301F-11D3-BF4B-00C04F79EFBC}") = "07. Sum of 5 Numbers", "07. Sum of 5 Numbers\07. Sum of 5 Numbers.csproj", "{1436640C-2B7C-4EF9-8958-EA20976AE37A}"
EndProject
Project("{FAE04EC0-301F-11D3-BF4B-00C04F79EFBC}") = "08. Numbers from 1 to n", "08. Numbers from 1 to n\08. Numbers from 1 to n.csproj", "{A5D81F24-93A4-4642-BC7F-946892316FE0}"
EndProject
Project("{FAE04EC0-301F-11D3-BF4B-00C04F79EFBC}") = "09. Sum of n Numbers", "09. Sum of n Numbers\09. Sum of n Numbers.csproj", "{5F4A2F0B-1D48-4FBB-85A5-DAF33500FA42}"
EndProject
Project("{FAE04EC0-301F-11D3-BF4B-00C04F79EFBC}") = "10. Fibonacci Numbers", "10. Fibonacci Numbers\10. Fibonacci Numbers.csproj", "{2EED3953-9CA2-4F1B-90A5-0725C442DD8B}"
EndProject
Project("{FAE04EC0-301F-11D3-BF4B-00C04F79EFBC}") = "11. Interval", "11. Interval\11. Interval.csproj", "{89A2A5F1-0B60-4E02-B616-A4597068D18D}"
EndProject
Project("{FAE04EC0-301F-11D3-BF4B-00C04F79EFBC}") = "12. Falling rocks", "12. Falling rocks\12. Falling rocks.csproj", "{B6E7DA30-C820-4E36-8AC4-4971E1FE07CA}"
EndProject
Global
	GlobalSection(SolutionConfigurationPlatforms) = preSolution
		Debug|Any CPU = Debug|Any CPU
		Release|Any CPU = Release|Any CPU
	EndGlobalSection
	GlobalSection(ProjectConfigurationPlatforms) = postSolution
		{BBA8C0DA-C7C5-4004-A1DE-5970483C80EE}.Debug|Any CPU.ActiveCfg = Debug|Any CPU
		{BBA8C0DA-C7C5-4004-A1DE-5970483C80EE}.Debug|Any CPU.Build.0 = Debug|Any CPU
		{BBA8C0DA-C7C5-4004-A1DE-5970483C80EE}.Release|Any CPU.ActiveCfg = Release|Any CPU
		{BBA8C0DA-C7C5-4004-A1DE-5970483C80EE}.Release|Any CPU.Build.0 = Release|Any CPU
		{9E0E57AC-1899-494D-A250-69BFCA1EBEFF}.Debug|Any CPU.ActiveCfg = Debug|Any CPU
		{9E0E57AC-1899-494D-A250-69BFCA1EBEFF}.Debug|Any CPU.Build.0 = Debug|Any CPU
		{9E0E57AC-1899-494D-A250-69BFCA1EBEFF}.Release|Any CPU.ActiveCfg = Release|Any CPU
		{9E0E57AC-1899-494D-A250-69BFCA1EBEFF}.Release|Any CPU.Build.0 = Release|Any CPU
		{0EF0965D-84A7-4D0A-989B-5D8846C98F62}.Debug|Any CPU.ActiveCfg = Debug|Any CPU
		{0EF0965D-84A7-4D0A-989B-5D8846C98F62}.Debug|Any CPU.Build.0 = Debug|Any CPU
		{0EF0965D-84A7-4D0A-989B-5D8846C98F62}.Release|Any CPU.ActiveCfg = Release|Any CPU
		{0EF0965D-84A7-4D0A-989B-5D8846C98F62}.Release|Any CPU.Build.0 = Release|Any CPU
		{4C5D4988-16D0-4C2A-8B1D-9C3F57BB801E}.Debug|Any CPU.ActiveCfg = Debug|Any CPU
		{4C5D4988-16D0-4C2A-8B1D-9C3F57BB801E}.Debug|Any CPU.Build.0 = Debug|Any CPU
		{4C5D4988-16D0-4C2A-8B1D-9C3F57BB801E}.Release|Any CPU.ActiveCfg = Release|Any CPU
		{4C5D4988-16D0-4C2A-8B1D-9C3F57BB801E}.Release|Any CPU.Build.0 = Release|Any CPU
		{CAC23C93-EF23-44F2-BC81-E6DBCFE3ABF6}.Debug|Any CPU.ActiveCfg = Debug|Any CPU
		{CAC23C93-EF23-44F2-BC81-E6DBCFE3ABF6}.Debug|Any CPU.Build.0 = Debug|Any CPU
		{CAC23C93-EF23-44F2-BC81-E6DBCFE3ABF6}.Release|Any CPU.ActiveCfg = Release|Any CPU
		{CAC23C93-EF23-44F2-BC81-E6DBCFE3ABF6}.Release|Any CPU.Build.0 = Release|Any CPU
		{974FDCB5-5F59-4157-AA98-25F155F0A2AC}.Debug|Any CPU.ActiveCfg = Debug|Any CPU
		{974FDCB5-5F59-4157-AA98-25F155F0A2AC}.Debug|Any CPU.Build.0 = Debug|Any CPU
		{974FDCB5-5F59-4157-AA98-25F155F0A2AC}.Release|Any CPU.ActiveCfg = Release|Any CPU
		{974FDCB5-5F59-4157-AA98-25F155F0A2AC}.Release|Any CPU.Build.0 = Release|Any CPU
		{1436640C-2B7C-4EF9-8958-EA20976AE37A}.Debug|Any CPU.ActiveCfg = Debug|Any CPU
		{1436640C-2B7C-4EF9-8958-EA20976AE37A}.Debug|Any CPU.Build.0 = Debug|Any CPU
		{1436640C-2B7C-4EF9-8958-EA20976AE37A}.Release|Any CPU.ActiveCfg = Release|Any CPU
		{1436640C-2B7C-4EF9-8958-EA20976AE37A}.Release|Any CPU.Build.0 = Release|Any CPU
		{A5D81F24-93A4-4642-BC7F-946892316FE0}.Debug|Any CPU.ActiveCfg = Debug|Any CPU
		{A5D81F24-93A4-4642-BC7F-946892316FE0}.Debug|Any CPU.Build.0 = Debug|Any CPU
		{A5D81F24-93A4-4642-BC7F-946892316FE0}.Release|Any CPU.ActiveCfg = Release|Any CPU
		{A5D81F24-93A4-4642-BC7F-946892316FE0}.Release|Any CPU.Build.0 = Release|Any CPU
		{5F4A2F0B-1D48-4FBB-85A5-DAF33500FA42}.Debug|Any CPU.ActiveCfg = Debug|Any CPU
		{5F4A2F0B-1D48-4FBB-85A5-DAF33500FA42}.Debug|Any CPU.Build.0 = Debug|Any CPU
		{5F4A2F0B-1D48-4FBB-85A5-DAF33500FA42}.Release|Any CPU.ActiveCfg = Release|Any CPU
		{5F4A2F0B-1D48-4FBB-85A5-DAF33500FA42}.Release|Any CPU.Build.0 = Release|Any CPU
		{2EED3953-9CA2-4F1B-90A5-0725C442DD8B}.Debug|Any CPU.ActiveCfg = Debug|Any CPU
		{2EED3953-9CA2-4F1B-90A5-0725C442DD8B}.Debug|Any CPU.Build.0 = Debug|Any CPU
		{2EED3953-9CA2-4F1B-90A5-0725C442DD8B}.Release|Any CPU.ActiveCfg = Release|Any CPU
		{2EED3953-9CA2-4F1B-90A5-0725C442DD8B}.Release|Any CPU.Build.0 = Release|Any CPU
		{89A2A5F1-0B60-4E02-B616-A4597068D18D}.Debug|Any CPU.ActiveCfg = Debug|Any CPU
		{89A2A5F1-0B60-4E02-B616-A4597068D18D}.Debug|Any CPU.Build.0 = Debug|Any CPU
		{89A2A5F1-0B60-4E02-B616-A4597068D18D}.Release|Any CPU.ActiveCfg = Release|Any CPU
		{89A2A5F1-0B60-4E02-B616-A4597068D18D}.Release|Any CPU.Build.0 = Release|Any CPU
		{B6E7DA30-C820-4E36-8AC4-4971E1FE07CA}.Debug|Any CPU.ActiveCfg = Debug|Any CPU
		{B6E7DA30-C820-4E36-8AC4-4971E1FE07CA}.Debug|Any CPU.Build.0 = Debug|Any CPU
		{B6E7DA30-C820-4E36-8AC4-4971E1FE07CA}.Release|Any CPU.ActiveCfg = Release|Any CPU
		{B6E7DA30-C820-4E36-8AC4-4971E1FE07CA}.Release|Any CPU.Build.0 = Release|Any CPU
	EndGlobalSection
	GlobalSection(SolutionProperties) = preSolution
		HideSolutionNode = FALSE
	EndGlobalSection
EndGlobal
