
Microsoft Visual Studio Solution File, Format Version 12.00
# Visual Studio 14
VisualStudioVersion = 14.0.24720.0
MinimumVisualStudioVersion = 10.0.40219.1
Project("{FAE04EC0-301F-11D3-BF4B-00C04F79EFBC}") = "01. Exchange If Greater", "01. Exchange If Greater\01. Exchange If Greater.csproj", "{E338738D-7428-4518-974E-101C43CF99CF}"
EndProject
Project("{FAE04EC0-301F-11D3-BF4B-00C04F79EFBC}") = "02. Bonus Score", "02. Bonus Score\02. Bonus Score.csproj", "{91BDEA8F-99C1-4987-A339-FA17FFC2E88E}"
EndProject
Project("{FAE04EC0-301F-11D3-BF4B-00C04F79EFBC}") = "03. Check for a Play Card", "03. Check for a Play Card\03. Check for a Play Card.csproj", "{3FD48001-0594-4B00-A527-F35B4CADF5C7}"
EndProject
Project("{FAE04EC0-301F-11D3-BF4B-00C04F79EFBC}") = "04. Multiplication Sign", "04. Multiplication Sign\04. Multiplication Sign.csproj", "{9EA263B5-1CCA-4CFC-B321-A32017495F99}"
EndProject
Project("{FAE04EC0-301F-11D3-BF4B-00C04F79EFBC}") = "05. Biggest of 3", "05. Biggest of 3\05. Biggest of 3.csproj", "{4FC9FF9B-C89C-44B4-BA03-6F89B874828B}"
EndProject
Project("{FAE04EC0-301F-11D3-BF4B-00C04F79EFBC}") = "06. Biggest of 5", "06. Biggest of 5\06. Biggest of 5.csproj", "{D0CC85AD-0B27-48A7-AE26-C00B08F9E446}"
EndProject
Project("{FAE04EC0-301F-11D3-BF4B-00C04F79EFBC}") = "07. Sort 3 Numbers", "07. Sort 3 Numbers\07. Sort 3 Numbers.csproj", "{D06975CB-1956-4F72-81A0-EEE10068427E}"
EndProject
Project("{FAE04EC0-301F-11D3-BF4B-00C04F79EFBC}") = "08. Digit as Word", "08. Digit as Word\08. Digit as Word.csproj", "{ADDF7520-2651-438B-8A68-A44AF8319B65}"
EndProject
Project("{FAE04EC0-301F-11D3-BF4B-00C04F79EFBC}") = "09. Int, Double and String", "09. Int, Double and String\09. Int, Double and String.csproj", "{8467BA81-B10F-41FA-81BE-78A5A72F5970}"
EndProject
Global
	GlobalSection(SolutionConfigurationPlatforms) = preSolution
		Debug|Any CPU = Debug|Any CPU
		Release|Any CPU = Release|Any CPU
	EndGlobalSection
	GlobalSection(ProjectConfigurationPlatforms) = postSolution
		{E338738D-7428-4518-974E-101C43CF99CF}.Debug|Any CPU.ActiveCfg = Debug|Any CPU
		{E338738D-7428-4518-974E-101C43CF99CF}.Debug|Any CPU.Build.0 = Debug|Any CPU
		{E338738D-7428-4518-974E-101C43CF99CF}.Release|Any CPU.ActiveCfg = Release|Any CPU
		{E338738D-7428-4518-974E-101C43CF99CF}.Release|Any CPU.Build.0 = Release|Any CPU
		{91BDEA8F-99C1-4987-A339-FA17FFC2E88E}.Debug|Any CPU.ActiveCfg = Debug|Any CPU
		{91BDEA8F-99C1-4987-A339-FA17FFC2E88E}.Debug|Any CPU.Build.0 = Debug|Any CPU
		{91BDEA8F-99C1-4987-A339-FA17FFC2E88E}.Release|Any CPU.ActiveCfg = Release|Any CPU
		{91BDEA8F-99C1-4987-A339-FA17FFC2E88E}.Release|Any CPU.Build.0 = Release|Any CPU
		{3FD48001-0594-4B00-A527-F35B4CADF5C7}.Debug|Any CPU.ActiveCfg = Debug|Any CPU
		{3FD48001-0594-4B00-A527-F35B4CADF5C7}.Debug|Any CPU.Build.0 = Debug|Any CPU
		{3FD48001-0594-4B00-A527-F35B4CADF5C7}.Release|Any CPU.ActiveCfg = Release|Any CPU
		{3FD48001-0594-4B00-A527-F35B4CADF5C7}.Release|Any CPU.Build.0 = Release|Any CPU
		{9EA263B5-1CCA-4CFC-B321-A32017495F99}.Debug|Any CPU.ActiveCfg = Debug|Any CPU
		{9EA263B5-1CCA-4CFC-B321-A32017495F99}.Debug|Any CPU.Build.0 = Debug|Any CPU
		{9EA263B5-1CCA-4CFC-B321-A32017495F99}.Release|Any CPU.ActiveCfg = Release|Any CPU
		{9EA263B5-1CCA-4CFC-B321-A32017495F99}.Release|Any CPU.Build.0 = Release|Any CPU
		{4FC9FF9B-C89C-44B4-BA03-6F89B874828B}.Debug|Any CPU.ActiveCfg = Debug|Any CPU
		{4FC9FF9B-C89C-44B4-BA03-6F89B874828B}.Debug|Any CPU.Build.0 = Debug|Any CPU
		{4FC9FF9B-C89C-44B4-BA03-6F89B874828B}.Release|Any CPU.ActiveCfg = Release|Any CPU
		{4FC9FF9B-C89C-44B4-BA03-6F89B874828B}.Release|Any CPU.Build.0 = Release|Any CPU
		{D0CC85AD-0B27-48A7-AE26-C00B08F9E446}.Debug|Any CPU.ActiveCfg = Debug|Any CPU
		{D0CC85AD-0B27-48A7-AE26-C00B08F9E446}.Debug|Any CPU.Build.0 = Debug|Any CPU
		{D0CC85AD-0B27-48A7-AE26-C00B08F9E446}.Release|Any CPU.ActiveCfg = Release|Any CPU
		{D0CC85AD-0B27-48A7-AE26-C00B08F9E446}.Release|Any CPU.Build.0 = Release|Any CPU
		{D06975CB-1956-4F72-81A0-EEE10068427E}.Debug|Any CPU.ActiveCfg = Debug|Any CPU
		{D06975CB-1956-4F72-81A0-EEE10068427E}.Debug|Any CPU.Build.0 = Debug|Any CPU
		{D06975CB-1956-4F72-81A0-EEE10068427E}.Release|Any CPU.ActiveCfg = Release|Any CPU
		{D06975CB-1956-4F72-81A0-EEE10068427E}.Release|Any CPU.Build.0 = Release|Any CPU
		{ADDF7520-2651-438B-8A68-A44AF8319B65}.Debug|Any CPU.ActiveCfg = Debug|Any CPU
		{ADDF7520-2651-438B-8A68-A44AF8319B65}.Debug|Any CPU.Build.0 = Debug|Any CPU
		{ADDF7520-2651-438B-8A68-A44AF8319B65}.Release|Any CPU.ActiveCfg = Release|Any CPU
		{ADDF7520-2651-438B-8A68-A44AF8319B65}.Release|Any CPU.Build.0 = Release|Any CPU
		{8467BA81-B10F-41FA-81BE-78A5A72F5970}.Debug|Any CPU.ActiveCfg = Debug|Any CPU
		{8467BA81-B10F-41FA-81BE-78A5A72F5970}.Debug|Any CPU.Build.0 = Debug|Any CPU
		{8467BA81-B10F-41FA-81BE-78A5A72F5970}.Release|Any CPU.ActiveCfg = Release|Any CPU
		{8467BA81-B10F-41FA-81BE-78A5A72F5970}.Release|Any CPU.Build.0 = Release|Any CPU
	EndGlobalSection
	GlobalSection(SolutionProperties) = preSolution
		HideSolutionNode = FALSE
	EndGlobalSection
EndGlobal
