
Microsoft Visual Studio Solution File, Format Version 12.00
# Visual Studio 14
VisualStudioVersion = 14.0.25123.0
MinimumVisualStudioVersion = 10.0.40219.1
Project("{FAE04EC0-301F-11D3-BF4B-00C04F79EFBC}") = "Task1. ClassSizeInCSharp", "Task1. ClassSizeInCSharp\Task1. ClassSizeInCSharp.csproj", "{B8E20D1A-1118-46A1-BFF3-F32A9ADF2F3A}"
EndProject
Project("{FAE04EC0-301F-11D3-BF4B-00C04F79EFBC}") = "Task2. MethodPrintStatistics", "Task2. MethodPrintStatistics\Task2. MethodPrintStatistics.csproj", "{749806D9-872C-4E75-8294-6AF61E2A45CB}"
EndProject
Global
	GlobalSection(SolutionConfigurationPlatforms) = preSolution
		Debug|Any CPU = Debug|Any CPU
		Release|Any CPU = Release|Any CPU
	EndGlobalSection
	GlobalSection(ProjectConfigurationPlatforms) = postSolution
		{B8E20D1A-1118-46A1-BFF3-F32A9ADF2F3A}.Debug|Any CPU.ActiveCfg = Debug|Any CPU
		{B8E20D1A-1118-46A1-BFF3-F32A9ADF2F3A}.Debug|Any CPU.Build.0 = Debug|Any CPU
		{B8E20D1A-1118-46A1-BFF3-F32A9ADF2F3A}.Release|Any CPU.ActiveCfg = Release|Any CPU
		{B8E20D1A-1118-46A1-BFF3-F32A9ADF2F3A}.Release|Any CPU.Build.0 = Release|Any CPU
		{749806D9-872C-4E75-8294-6AF61E2A45CB}.Debug|Any CPU.ActiveCfg = Debug|Any CPU
		{749806D9-872C-4E75-8294-6AF61E2A45CB}.Debug|Any CPU.Build.0 = Debug|Any CPU
		{749806D9-872C-4E75-8294-6AF61E2A45CB}.Release|Any CPU.ActiveCfg = Release|Any CPU
		{749806D9-872C-4E75-8294-6AF61E2A45CB}.Release|Any CPU.Build.0 = Release|Any CPU
	EndGlobalSection
	GlobalSection(SolutionProperties) = preSolution
		HideSolutionNode = FALSE
	EndGlobalSection
EndGlobal
