
Microsoft Visual Studio Solution File, Format Version 12.00
# Visual Studio 14
VisualStudioVersion = 14.0.25123.0
MinimumVisualStudioVersion = 10.0.40219.1
Project("{FAE04EC0-301F-11D3-BF4B-00C04F79EFBC}") = "School", "School\School.csproj", "{BE03D052-2AA3-4A89-89C8-DA8C24389CFE}"
EndProject
Project("{FAE04EC0-301F-11D3-BF4B-00C04F79EFBC}") = "School.Tests", "School.Tests\School.Tests.csproj", "{421D3FD1-7704-4F24-9A33-8EC19352C905}"
EndProject
Global
	GlobalSection(SolutionConfigurationPlatforms) = preSolution
		Debug|Any CPU = Debug|Any CPU
		Release|Any CPU = Release|Any CPU
	EndGlobalSection
	GlobalSection(ProjectConfigurationPlatforms) = postSolution
		{BE03D052-2AA3-4A89-89C8-DA8C24389CFE}.Debug|Any CPU.ActiveCfg = Debug|Any CPU
		{BE03D052-2AA3-4A89-89C8-DA8C24389CFE}.Debug|Any CPU.Build.0 = Debug|Any CPU
		{BE03D052-2AA3-4A89-89C8-DA8C24389CFE}.Release|Any CPU.ActiveCfg = Release|Any CPU
		{BE03D052-2AA3-4A89-89C8-DA8C24389CFE}.Release|Any CPU.Build.0 = Release|Any CPU
		{421D3FD1-7704-4F24-9A33-8EC19352C905}.Debug|Any CPU.ActiveCfg = Debug|Any CPU
		{421D3FD1-7704-4F24-9A33-8EC19352C905}.Debug|Any CPU.Build.0 = Debug|Any CPU
		{421D3FD1-7704-4F24-9A33-8EC19352C905}.Release|Any CPU.ActiveCfg = Release|Any CPU
		{421D3FD1-7704-4F24-9A33-8EC19352C905}.Release|Any CPU.Build.0 = Release|Any CPU
	EndGlobalSection
	GlobalSection(SolutionProperties) = preSolution
		HideSolutionNode = FALSE
	EndGlobalSection
EndGlobal
