
Microsoft Visual Studio Solution File, Format Version 12.00
# Visual Studio 14
VisualStudioVersion = 14.0.24720.0
MinimumVisualStudioVersion = 10.0.40219.1
Project("{FAE04EC0-301F-11D3-BF4B-00C04F79EFBC}") = "01. Declare Variables", "01. Declare Variables\01. Declare Variables.csproj", "{E0975A59-B511-4A7B-AEA0-D73C78A3987A}"
EndProject
Project("{FAE04EC0-301F-11D3-BF4B-00C04F79EFBC}") = "02. Float or Double", "02. Float or Double\02. Float or Double.csproj", "{F6FDF9A1-6032-4AB3-8505-93B59DDA23AE}"
EndProject
Project("{FAE04EC0-301F-11D3-BF4B-00C04F79EFBC}") = "03. Variable in Hexadecimal Format", "03. Variable in Hexadecimal Format\03. Variable in Hexadecimal Format.csproj", "{ABD6998C-AC9B-47D6-8468-3A0C8962BC5E}"
EndProject
Project("{FAE04EC0-301F-11D3-BF4B-00C04F79EFBC}") = "04. Unicode Character", "04. Unicode Character\04. Unicode Character.csproj", "{6848B6CD-CF31-484B-977F-B1A5DCDF4088}"
EndProject
Project("{FAE04EC0-301F-11D3-BF4B-00C04F79EFBC}") = "05. Boolean Variable", "05. Boolean Variable\05. Boolean Variable.csproj", "{08A1C650-AAED-4472-AF49-0EB77F096DC8}"
EndProject
Project("{FAE04EC0-301F-11D3-BF4B-00C04F79EFBC}") = "06. Strings and Objects", "06. Strings and Objects\06. Strings and Objects.csproj", "{C5D54DFB-3C81-49B4-9ACC-89A1917F5ED7}"
EndProject
Project("{FAE04EC0-301F-11D3-BF4B-00C04F79EFBC}") = "07. Quotes in Strings", "07. Quotes in Strings\07. Quotes in Strings.csproj", "{9CA8BBCA-0DB2-4B2D-8345-DF45101F2534}"
EndProject
Project("{FAE04EC0-301F-11D3-BF4B-00C04F79EFBC}") = "08. Isosceles Triangle", "08. Isosceles Triangle\08. Isosceles Triangle.csproj", "{9CF99159-2E6D-4C33-907F-975AC0D787B8}"
EndProject
Project("{FAE04EC0-301F-11D3-BF4B-00C04F79EFBC}") = "09. Exchange Variable Values", "09. Exchange Variable Values\09. Exchange Variable Values.csproj", "{58E5CBC7-58FB-4068-AD90-1D70E216136C}"
EndProject
Project("{FAE04EC0-301F-11D3-BF4B-00C04F79EFBC}") = "10. Employee Data", "10. Employee Data\10. Employee Data.csproj", "{5E047130-ABFC-4E9F-91EC-29D15918D66A}"
EndProject
Project("{FAE04EC0-301F-11D3-BF4B-00C04F79EFBC}") = "11. Bank Account Data", "11. Bank Account Data\11. Bank Account Data.csproj", "{0691D7FE-B2A0-410A-AF99-853DAABEF6A8}"
EndProject
Project("{FAE04EC0-301F-11D3-BF4B-00C04F79EFBC}") = "13. Comparing Floats", "13. Comparing Floats\13. Comparing Floats.csproj", "{999D7037-36F1-42B6-AC4F-9E4377D99B3F}"
EndProject
Project("{FAE04EC0-301F-11D3-BF4B-00C04F79EFBC}") = "14. Print the ASCII Table", "14. Print the ASCII Table\14. Print the ASCII Table.csproj", "{2D91A93E-F471-4EE4-AF39-C6430A812452}"
EndProject
Project("{FAE04EC0-301F-11D3-BF4B-00C04F79EFBC}") = "12. Null Values Arithmetic", "12. Null Values Arithmetic\12. Null Values Arithmetic.csproj", "{B7E0F204-50A8-4F00-830C-F0ACB1EF98D7}"
EndProject
Global
	GlobalSection(SolutionConfigurationPlatforms) = preSolution
		Debug|Any CPU = Debug|Any CPU
		Release|Any CPU = Release|Any CPU
	EndGlobalSection
	GlobalSection(ProjectConfigurationPlatforms) = postSolution
		{E0975A59-B511-4A7B-AEA0-D73C78A3987A}.Debug|Any CPU.ActiveCfg = Debug|Any CPU
		{E0975A59-B511-4A7B-AEA0-D73C78A3987A}.Debug|Any CPU.Build.0 = Debug|Any CPU
		{E0975A59-B511-4A7B-AEA0-D73C78A3987A}.Release|Any CPU.ActiveCfg = Release|Any CPU
		{E0975A59-B511-4A7B-AEA0-D73C78A3987A}.Release|Any CPU.Build.0 = Release|Any CPU
		{F6FDF9A1-6032-4AB3-8505-93B59DDA23AE}.Debug|Any CPU.ActiveCfg = Debug|Any CPU
		{F6FDF9A1-6032-4AB3-8505-93B59DDA23AE}.Debug|Any CPU.Build.0 = Debug|Any CPU
		{F6FDF9A1-6032-4AB3-8505-93B59DDA23AE}.Release|Any CPU.ActiveCfg = Release|Any CPU
		{F6FDF9A1-6032-4AB3-8505-93B59DDA23AE}.Release|Any CPU.Build.0 = Release|Any CPU
		{ABD6998C-AC9B-47D6-8468-3A0C8962BC5E}.Debug|Any CPU.ActiveCfg = Debug|Any CPU
		{ABD6998C-AC9B-47D6-8468-3A0C8962BC5E}.Debug|Any CPU.Build.0 = Debug|Any CPU
		{ABD6998C-AC9B-47D6-8468-3A0C8962BC5E}.Release|Any CPU.ActiveCfg = Release|Any CPU
		{ABD6998C-AC9B-47D6-8468-3A0C8962BC5E}.Release|Any CPU.Build.0 = Release|Any CPU
		{6848B6CD-CF31-484B-977F-B1A5DCDF4088}.Debug|Any CPU.ActiveCfg = Debug|Any CPU
		{6848B6CD-CF31-484B-977F-B1A5DCDF4088}.Debug|Any CPU.Build.0 = Debug|Any CPU
		{6848B6CD-CF31-484B-977F-B1A5DCDF4088}.Release|Any CPU.ActiveCfg = Release|Any CPU
		{6848B6CD-CF31-484B-977F-B1A5DCDF4088}.Release|Any CPU.Build.0 = Release|Any CPU
		{08A1C650-AAED-4472-AF49-0EB77F096DC8}.Debug|Any CPU.ActiveCfg = Debug|Any CPU
		{08A1C650-AAED-4472-AF49-0EB77F096DC8}.Debug|Any CPU.Build.0 = Debug|Any CPU
		{08A1C650-AAED-4472-AF49-0EB77F096DC8}.Release|Any CPU.ActiveCfg = Release|Any CPU
		{08A1C650-AAED-4472-AF49-0EB77F096DC8}.Release|Any CPU.Build.0 = Release|Any CPU
		{C5D54DFB-3C81-49B4-9ACC-89A1917F5ED7}.Debug|Any CPU.ActiveCfg = Debug|Any CPU
		{C5D54DFB-3C81-49B4-9ACC-89A1917F5ED7}.Debug|Any CPU.Build.0 = Debug|Any CPU
		{C5D54DFB-3C81-49B4-9ACC-89A1917F5ED7}.Release|Any CPU.ActiveCfg = Release|Any CPU
		{C5D54DFB-3C81-49B4-9ACC-89A1917F5ED7}.Release|Any CPU.Build.0 = Release|Any CPU
		{9CA8BBCA-0DB2-4B2D-8345-DF45101F2534}.Debug|Any CPU.ActiveCfg = Debug|Any CPU
		{9CA8BBCA-0DB2-4B2D-8345-DF45101F2534}.Debug|Any CPU.Build.0 = Debug|Any CPU
		{9CA8BBCA-0DB2-4B2D-8345-DF45101F2534}.Release|Any CPU.ActiveCfg = Release|Any CPU
		{9CA8BBCA-0DB2-4B2D-8345-DF45101F2534}.Release|Any CPU.Build.0 = Release|Any CPU
		{9CF99159-2E6D-4C33-907F-975AC0D787B8}.Debug|Any CPU.ActiveCfg = Debug|Any CPU
		{9CF99159-2E6D-4C33-907F-975AC0D787B8}.Debug|Any CPU.Build.0 = Debug|Any CPU
		{9CF99159-2E6D-4C33-907F-975AC0D787B8}.Release|Any CPU.ActiveCfg = Release|Any CPU
		{9CF99159-2E6D-4C33-907F-975AC0D787B8}.Release|Any CPU.Build.0 = Release|Any CPU
		{58E5CBC7-58FB-4068-AD90-1D70E216136C}.Debug|Any CPU.ActiveCfg = Debug|Any CPU
		{58E5CBC7-58FB-4068-AD90-1D70E216136C}.Debug|Any CPU.Build.0 = Debug|Any CPU
		{58E5CBC7-58FB-4068-AD90-1D70E216136C}.Release|Any CPU.ActiveCfg = Release|Any CPU
		{58E5CBC7-58FB-4068-AD90-1D70E216136C}.Release|Any CPU.Build.0 = Release|Any CPU
		{5E047130-ABFC-4E9F-91EC-29D15918D66A}.Debug|Any CPU.ActiveCfg = Debug|Any CPU
		{5E047130-ABFC-4E9F-91EC-29D15918D66A}.Debug|Any CPU.Build.0 = Debug|Any CPU
		{5E047130-ABFC-4E9F-91EC-29D15918D66A}.Release|Any CPU.ActiveCfg = Release|Any CPU
		{5E047130-ABFC-4E9F-91EC-29D15918D66A}.Release|Any CPU.Build.0 = Release|Any CPU
		{0691D7FE-B2A0-410A-AF99-853DAABEF6A8}.Debug|Any CPU.ActiveCfg = Debug|Any CPU
		{0691D7FE-B2A0-410A-AF99-853DAABEF6A8}.Debug|Any CPU.Build.0 = Debug|Any CPU
		{0691D7FE-B2A0-410A-AF99-853DAABEF6A8}.Release|Any CPU.ActiveCfg = Release|Any CPU
		{0691D7FE-B2A0-410A-AF99-853DAABEF6A8}.Release|Any CPU.Build.0 = Release|Any CPU
		{999D7037-36F1-42B6-AC4F-9E4377D99B3F}.Debug|Any CPU.ActiveCfg = Debug|Any CPU
		{999D7037-36F1-42B6-AC4F-9E4377D99B3F}.Debug|Any CPU.Build.0 = Debug|Any CPU
		{999D7037-36F1-42B6-AC4F-9E4377D99B3F}.Release|Any CPU.ActiveCfg = Release|Any CPU
		{999D7037-36F1-42B6-AC4F-9E4377D99B3F}.Release|Any CPU.Build.0 = Release|Any CPU
		{2D91A93E-F471-4EE4-AF39-C6430A812452}.Debug|Any CPU.ActiveCfg = Debug|Any CPU
		{2D91A93E-F471-4EE4-AF39-C6430A812452}.Debug|Any CPU.Build.0 = Debug|Any CPU
		{2D91A93E-F471-4EE4-AF39-C6430A812452}.Release|Any CPU.ActiveCfg = Release|Any CPU
		{2D91A93E-F471-4EE4-AF39-C6430A812452}.Release|Any CPU.Build.0 = Release|Any CPU
		{B7E0F204-50A8-4F00-830C-F0ACB1EF98D7}.Debug|Any CPU.ActiveCfg = Debug|Any CPU
		{B7E0F204-50A8-4F00-830C-F0ACB1EF98D7}.Debug|Any CPU.Build.0 = Debug|Any CPU
		{B7E0F204-50A8-4F00-830C-F0ACB1EF98D7}.Release|Any CPU.ActiveCfg = Release|Any CPU
		{B7E0F204-50A8-4F00-830C-F0ACB1EF98D7}.Release|Any CPU.Build.0 = Release|Any CPU
	EndGlobalSection
	GlobalSection(SolutionProperties) = preSolution
		HideSolutionNode = FALSE
	EndGlobalSection
EndGlobal
