
Microsoft Visual Studio Solution File, Format Version 12.00
# Visual Studio 14
VisualStudioVersion = 14.0.25123.0
MinimumVisualStudioVersion = 10.0.40219.1
Project("{FAE04EC0-301F-11D3-BF4B-00C04F79EFBC}") = "Shapes", "OOPPartTwo\Shapes.csproj", "{B0AE5256-3C40-4E39-A474-DCF148EF81AB}"
EndProject
Project("{FAE04EC0-301F-11D3-BF4B-00C04F79EFBC}") = "BankAccounts", "BankAccounts\BankAccounts.csproj", "{18E59361-36C6-45B1-8E85-E2E5668C6B5F}"
EndProject
Project("{FAE04EC0-301F-11D3-BF4B-00C04F79EFBC}") = "RangeExceptions", "Range Exceptions\RangeExceptions.csproj", "{E4743CF5-95D1-4769-9D2B-7396B40B49FE}"
EndProject
Global
	GlobalSection(SolutionConfigurationPlatforms) = preSolution
		Debug|Any CPU = Debug|Any CPU
		Release|Any CPU = Release|Any CPU
	EndGlobalSection
	GlobalSection(ProjectConfigurationPlatforms) = postSolution
		{B0AE5256-3C40-4E39-A474-DCF148EF81AB}.Debug|Any CPU.ActiveCfg = Debug|Any CPU
		{B0AE5256-3C40-4E39-A474-DCF148EF81AB}.Debug|Any CPU.Build.0 = Debug|Any CPU
		{B0AE5256-3C40-4E39-A474-DCF148EF81AB}.Release|Any CPU.ActiveCfg = Release|Any CPU
		{B0AE5256-3C40-4E39-A474-DCF148EF81AB}.Release|Any CPU.Build.0 = Release|Any CPU
		{18E59361-36C6-45B1-8E85-E2E5668C6B5F}.Debug|Any CPU.ActiveCfg = Debug|Any CPU
		{18E59361-36C6-45B1-8E85-E2E5668C6B5F}.Debug|Any CPU.Build.0 = Debug|Any CPU
		{18E59361-36C6-45B1-8E85-E2E5668C6B5F}.Release|Any CPU.ActiveCfg = Release|Any CPU
		{18E59361-36C6-45B1-8E85-E2E5668C6B5F}.Release|Any CPU.Build.0 = Release|Any CPU
		{E4743CF5-95D1-4769-9D2B-7396B40B49FE}.Debug|Any CPU.ActiveCfg = Debug|Any CPU
		{E4743CF5-95D1-4769-9D2B-7396B40B49FE}.Debug|Any CPU.Build.0 = Debug|Any CPU
		{E4743CF5-95D1-4769-9D2B-7396B40B49FE}.Release|Any CPU.ActiveCfg = Release|Any CPU
		{E4743CF5-95D1-4769-9D2B-7396B40B49FE}.Release|Any CPU.Build.0 = Release|Any CPU
	EndGlobalSection
	GlobalSection(SolutionProperties) = preSolution
		HideSolutionNode = FALSE
	EndGlobalSection
EndGlobal
