
Microsoft Visual Studio Solution File, Format Version 12.00
# Visual Studio 14
VisualStudioVersion = 14.0.24720.0
MinimumVisualStudioVersion = 10.0.40219.1
Project("{FAE04EC0-301F-11D3-BF4B-00C04F79EFBC}") = "01. Say Hello", "01. Say Hello\01. Say Hello.csproj", "{A7F58EDA-A5BD-4741-86D3-092C1482AB73}"
EndProject
Project("{FAE04EC0-301F-11D3-BF4B-00C04F79EFBC}") = "02. Get largest number", "02. Get largest number\02. Get largest number.csproj", "{200D1100-AD9E-4CB9-B4A6-9C66C20B1A19}"
EndProject
Project("{FAE04EC0-301F-11D3-BF4B-00C04F79EFBC}") = "03. English digit", "03. English digit\03. English digit.csproj", "{692AA295-3A4C-4A00-BDD9-EA29FFE4F9B9}"
EndProject
Project("{FAE04EC0-301F-11D3-BF4B-00C04F79EFBC}") = "04. Appearance count", "04. Appearance count\04. Appearance count.csproj", "{45CFAD03-3112-4EC4-9B76-6C0195E3DCCD}"
EndProject
Project("{FAE04EC0-301F-11D3-BF4B-00C04F79EFBC}") = "05. Larger than neighbours", "05. Larger than neighbours\05. Larger than neighbours.csproj", "{AF37DB59-AD40-4AD3-8266-B7B43914A15F}"
EndProject
Project("{FAE04EC0-301F-11D3-BF4B-00C04F79EFBC}") = "06. First larger than neighbours", "06. First larger than neighbours\06. First larger than neighbours.csproj", "{39591D41-354E-490D-A7E2-0900DFB6125E}"
EndProject
Project("{FAE04EC0-301F-11D3-BF4B-00C04F79EFBC}") = "07. Reverse number", "07. Reverse number\07. Reverse number.csproj", "{514F8862-F236-4DE8-A45B-866CC6506445}"
EndProject
Project("{FAE04EC0-301F-11D3-BF4B-00C04F79EFBC}") = "08. Number as array", "08. Number as array\08. Number as array.csproj", "{56087052-7213-44B6-8CA8-0C303EE64693}"
EndProject
Project("{FAE04EC0-301F-11D3-BF4B-00C04F79EFBC}") = "09. Sorting array", "09. Sorting array\09. Sorting array.csproj", "{57760874-4753-4D80-9451-198FF1469C0C}"
EndProject
Project("{FAE04EC0-301F-11D3-BF4B-00C04F79EFBC}") = "10. N Factorial", "10. N Factorial\10. N Factorial.csproj", "{87657DE2-243F-4162-A2F4-8F42986324E3}"
EndProject
Project("{FAE04EC0-301F-11D3-BF4B-00C04F79EFBC}") = "11. Adding polynomials", "11. Adding polynomials\11. Adding polynomials.csproj", "{E3571402-2F29-4325-8481-75F4207B1300}"
EndProject
Project("{FAE04EC0-301F-11D3-BF4B-00C04F79EFBC}") = "12. Subtracting polynomials", "12. Subtracting polynomials\12. Subtracting polynomials.csproj", "{8B65DB82-8AB8-4E82-BDE3-EB31C2239C89}"
EndProject
Project("{FAE04EC0-301F-11D3-BF4B-00C04F79EFBC}") = "13. Solve tasks", "13. Solve tasks\13. Solve tasks.csproj", "{846BB0F2-879C-4EC8-A87F-51F19EFDE7DA}"
EndProject
Project("{FAE04EC0-301F-11D3-BF4B-00C04F79EFBC}") = "14. Integer calculations", "14. Integer calculations\14. Integer calculations.csproj", "{560CD451-F1D8-4304-BF09-64F95573C6E2}"
EndProject
Project("{FAE04EC0-301F-11D3-BF4B-00C04F79EFBC}") = "15. Number calculations", "15. Number calculations\15. Number calculations.csproj", "{CFD0E44F-F2E4-45DE-A667-728BC7AEF88B}"
EndProject
Global
	GlobalSection(SolutionConfigurationPlatforms) = preSolution
		Debug|Any CPU = Debug|Any CPU
		Release|Any CPU = Release|Any CPU
	EndGlobalSection
	GlobalSection(ProjectConfigurationPlatforms) = postSolution
		{A7F58EDA-A5BD-4741-86D3-092C1482AB73}.Debug|Any CPU.ActiveCfg = Debug|Any CPU
		{A7F58EDA-A5BD-4741-86D3-092C1482AB73}.Debug|Any CPU.Build.0 = Debug|Any CPU
		{A7F58EDA-A5BD-4741-86D3-092C1482AB73}.Release|Any CPU.ActiveCfg = Release|Any CPU
		{A7F58EDA-A5BD-4741-86D3-092C1482AB73}.Release|Any CPU.Build.0 = Release|Any CPU
		{200D1100-AD9E-4CB9-B4A6-9C66C20B1A19}.Debug|Any CPU.ActiveCfg = Debug|Any CPU
		{200D1100-AD9E-4CB9-B4A6-9C66C20B1A19}.Debug|Any CPU.Build.0 = Debug|Any CPU
		{200D1100-AD9E-4CB9-B4A6-9C66C20B1A19}.Release|Any CPU.ActiveCfg = Release|Any CPU
		{200D1100-AD9E-4CB9-B4A6-9C66C20B1A19}.Release|Any CPU.Build.0 = Release|Any CPU
		{692AA295-3A4C-4A00-BDD9-EA29FFE4F9B9}.Debug|Any CPU.ActiveCfg = Debug|Any CPU
		{692AA295-3A4C-4A00-BDD9-EA29FFE4F9B9}.Debug|Any CPU.Build.0 = Debug|Any CPU
		{692AA295-3A4C-4A00-BDD9-EA29FFE4F9B9}.Release|Any CPU.ActiveCfg = Release|Any CPU
		{692AA295-3A4C-4A00-BDD9-EA29FFE4F9B9}.Release|Any CPU.Build.0 = Release|Any CPU
		{45CFAD03-3112-4EC4-9B76-6C0195E3DCCD}.Debug|Any CPU.ActiveCfg = Debug|Any CPU
		{45CFAD03-3112-4EC4-9B76-6C0195E3DCCD}.Debug|Any CPU.Build.0 = Debug|Any CPU
		{45CFAD03-3112-4EC4-9B76-6C0195E3DCCD}.Release|Any CPU.ActiveCfg = Release|Any CPU
		{45CFAD03-3112-4EC4-9B76-6C0195E3DCCD}.Release|Any CPU.Build.0 = Release|Any CPU
		{AF37DB59-AD40-4AD3-8266-B7B43914A15F}.Debug|Any CPU.ActiveCfg = Debug|Any CPU
		{AF37DB59-AD40-4AD3-8266-B7B43914A15F}.Debug|Any CPU.Build.0 = Debug|Any CPU
		{AF37DB59-AD40-4AD3-8266-B7B43914A15F}.Release|Any CPU.ActiveCfg = Release|Any CPU
		{AF37DB59-AD40-4AD3-8266-B7B43914A15F}.Release|Any CPU.Build.0 = Release|Any CPU
		{39591D41-354E-490D-A7E2-0900DFB6125E}.Debug|Any CPU.ActiveCfg = Debug|Any CPU
		{39591D41-354E-490D-A7E2-0900DFB6125E}.Debug|Any CPU.Build.0 = Debug|Any CPU
		{39591D41-354E-490D-A7E2-0900DFB6125E}.Release|Any CPU.ActiveCfg = Release|Any CPU
		{39591D41-354E-490D-A7E2-0900DFB6125E}.Release|Any CPU.Build.0 = Release|Any CPU
		{514F8862-F236-4DE8-A45B-866CC6506445}.Debug|Any CPU.ActiveCfg = Debug|Any CPU
		{514F8862-F236-4DE8-A45B-866CC6506445}.Debug|Any CPU.Build.0 = Debug|Any CPU
		{514F8862-F236-4DE8-A45B-866CC6506445}.Release|Any CPU.ActiveCfg = Release|Any CPU
		{514F8862-F236-4DE8-A45B-866CC6506445}.Release|Any CPU.Build.0 = Release|Any CPU
		{56087052-7213-44B6-8CA8-0C303EE64693}.Debug|Any CPU.ActiveCfg = Debug|Any CPU
		{56087052-7213-44B6-8CA8-0C303EE64693}.Debug|Any CPU.Build.0 = Debug|Any CPU
		{56087052-7213-44B6-8CA8-0C303EE64693}.Release|Any CPU.ActiveCfg = Release|Any CPU
		{56087052-7213-44B6-8CA8-0C303EE64693}.Release|Any CPU.Build.0 = Release|Any CPU
		{57760874-4753-4D80-9451-198FF1469C0C}.Debug|Any CPU.ActiveCfg = Debug|Any CPU
		{57760874-4753-4D80-9451-198FF1469C0C}.Debug|Any CPU.Build.0 = Debug|Any CPU
		{57760874-4753-4D80-9451-198FF1469C0C}.Release|Any CPU.ActiveCfg = Release|Any CPU
		{57760874-4753-4D80-9451-198FF1469C0C}.Release|Any CPU.Build.0 = Release|Any CPU
		{87657DE2-243F-4162-A2F4-8F42986324E3}.Debug|Any CPU.ActiveCfg = Debug|Any CPU
		{87657DE2-243F-4162-A2F4-8F42986324E3}.Debug|Any CPU.Build.0 = Debug|Any CPU
		{87657DE2-243F-4162-A2F4-8F42986324E3}.Release|Any CPU.ActiveCfg = Release|Any CPU
		{87657DE2-243F-4162-A2F4-8F42986324E3}.Release|Any CPU.Build.0 = Release|Any CPU
		{E3571402-2F29-4325-8481-75F4207B1300}.Debug|Any CPU.ActiveCfg = Debug|Any CPU
		{E3571402-2F29-4325-8481-75F4207B1300}.Debug|Any CPU.Build.0 = Debug|Any CPU
		{E3571402-2F29-4325-8481-75F4207B1300}.Release|Any CPU.ActiveCfg = Release|Any CPU
		{E3571402-2F29-4325-8481-75F4207B1300}.Release|Any CPU.Build.0 = Release|Any CPU
		{8B65DB82-8AB8-4E82-BDE3-EB31C2239C89}.Debug|Any CPU.ActiveCfg = Debug|Any CPU
		{8B65DB82-8AB8-4E82-BDE3-EB31C2239C89}.Debug|Any CPU.Build.0 = Debug|Any CPU
		{8B65DB82-8AB8-4E82-BDE3-EB31C2239C89}.Release|Any CPU.ActiveCfg = Release|Any CPU
		{8B65DB82-8AB8-4E82-BDE3-EB31C2239C89}.Release|Any CPU.Build.0 = Release|Any CPU
		{846BB0F2-879C-4EC8-A87F-51F19EFDE7DA}.Debug|Any CPU.ActiveCfg = Debug|Any CPU
		{846BB0F2-879C-4EC8-A87F-51F19EFDE7DA}.Debug|Any CPU.Build.0 = Debug|Any CPU
		{846BB0F2-879C-4EC8-A87F-51F19EFDE7DA}.Release|Any CPU.ActiveCfg = Release|Any CPU
		{846BB0F2-879C-4EC8-A87F-51F19EFDE7DA}.Release|Any CPU.Build.0 = Release|Any CPU
		{560CD451-F1D8-4304-BF09-64F95573C6E2}.Debug|Any CPU.ActiveCfg = Debug|Any CPU
		{560CD451-F1D8-4304-BF09-64F95573C6E2}.Debug|Any CPU.Build.0 = Debug|Any CPU
		{560CD451-F1D8-4304-BF09-64F95573C6E2}.Release|Any CPU.ActiveCfg = Release|Any CPU
		{560CD451-F1D8-4304-BF09-64F95573C6E2}.Release|Any CPU.Build.0 = Release|Any CPU
		{CFD0E44F-F2E4-45DE-A667-728BC7AEF88B}.Debug|Any CPU.ActiveCfg = Debug|Any CPU
		{CFD0E44F-F2E4-45DE-A667-728BC7AEF88B}.Debug|Any CPU.Build.0 = Debug|Any CPU
		{CFD0E44F-F2E4-45DE-A667-728BC7AEF88B}.Release|Any CPU.ActiveCfg = Release|Any CPU
		{CFD0E44F-F2E4-45DE-A667-728BC7AEF88B}.Release|Any CPU.Build.0 = Release|Any CPU
	EndGlobalSection
	GlobalSection(SolutionProperties) = preSolution
		HideSolutionNode = FALSE
	EndGlobalSection
EndGlobal
